
Microsoft Visual Studio Solution File, Format Version 12.00
# Visual Studio 14
VisualStudioVersion = 14.0.25420.1
MinimumVisualStudioVersion = 10.0.40219.1
Project("{FAE04EC0-301F-11D3-BF4B-00C04F79EFBC}") = "PushMQ", "PushMQ\PushMQ.csproj", "{AF4F14BE-0F1B-4121-9D68-2091789263B7}"
EndProject
Project("{FAE04EC0-301F-11D3-BF4B-00C04F79EFBC}") = "PullMQ", "PullMQ\PullMQ.csproj", "{CC98687C-82A1-436D-A6CF-592871DBEF63}"
EndProject
Project("{FAE04EC0-301F-11D3-BF4B-00C04F79EFBC}") = "Core", "Core\Core.csproj", "{69E22BEC-76CE-4DE8-AE3C-2E4C052FF908}"
EndProject
Global
	GlobalSection(SolutionConfigurationPlatforms) = preSolution
		Debug|Any CPU = Debug|Any CPU
		Release|Any CPU = Release|Any CPU
	EndGlobalSection
	GlobalSection(ProjectConfigurationPlatforms) = postSolution
		{AF4F14BE-0F1B-4121-9D68-2091789263B7}.Debug|Any CPU.ActiveCfg = Debug|Any CPU
		{AF4F14BE-0F1B-4121-9D68-2091789263B7}.Debug|Any CPU.Build.0 = Debug|Any CPU
		{AF4F14BE-0F1B-4121-9D68-2091789263B7}.Release|Any CPU.ActiveCfg = Release|Any CPU
		{AF4F14BE-0F1B-4121-9D68-2091789263B7}.Release|Any CPU.Build.0 = Release|Any CPU
		{CC98687C-82A1-436D-A6CF-592871DBEF63}.Debug|Any CPU.ActiveCfg = Debug|Any CPU
		{CC98687C-82A1-436D-A6CF-592871DBEF63}.Debug|Any CPU.Build.0 = Debug|Any CPU
		{CC98687C-82A1-436D-A6CF-592871DBEF63}.Release|Any CPU.ActiveCfg = Release|Any CPU
		{CC98687C-82A1-436D-A6CF-592871DBEF63}.Release|Any CPU.Build.0 = Release|Any CPU
		{69E22BEC-76CE-4DE8-AE3C-2E4C052FF908}.Debug|Any CPU.ActiveCfg = Debug|Any CPU
		{69E22BEC-76CE-4DE8-AE3C-2E4C052FF908}.Debug|Any CPU.Build.0 = Debug|Any CPU
		{69E22BEC-76CE-4DE8-AE3C-2E4C052FF908}.Release|Any CPU.ActiveCfg = Release|Any CPU
		{69E22BEC-76CE-4DE8-AE3C-2E4C052FF908}.Release|Any CPU.Build.0 = Release|Any CPU
	EndGlobalSection
	GlobalSection(SolutionProperties) = preSolution
		HideSolutionNode = FALSE
	EndGlobalSection
EndGlobal
